
Microsoft Visual Studio Solution File, Format Version 12.00
# Visual Studio Version 16
VisualStudioVersion = 16.0.31321.278
MinimumVisualStudioVersion = 10.0.40219.1
Project("{9A19103F-16F7-4668-BE54-9A1E7A4F7556}") = "Log", "Log\Log.csproj", "{4D583737-D82E-4753-9970-1E92DD73E667}"
EndProject
Project("{2150E333-8FDC-42A3-9474-1A3956D46DE8}") = "Repository", "Repository", "{94ABABAA-1F84-4E17-99D3-F9977AD69B79}"
EndProject
Project("{2150E333-8FDC-42A3-9474-1A3956D46DE8}") = "Use Case", "Use Case", "{DD797AC9-FFCD-4EE0-9792-8F136A14EC7C}"
EndProject
Project("{2150E333-8FDC-42A3-9474-1A3956D46DE8}") = "Service", "Service", "{D8FCAC0E-BC49-4692-A200-95D04E542178}"
EndProject
Project("{2150E333-8FDC-42A3-9474-1A3956D46DE8}") = "Views", "Views", "{9A881238-976D-44A8-BC19-F0059EA0EE90}"
EndProject
Global
	GlobalSection(SolutionConfigurationPlatforms) = preSolution
		Debug|Any CPU = Debug|Any CPU
		Release|Any CPU = Release|Any CPU
	EndGlobalSection
	GlobalSection(ProjectConfigurationPlatforms) = postSolution
		{4D583737-D82E-4753-9970-1E92DD73E667}.Debug|Any CPU.ActiveCfg = Debug|Any CPU
		{4D583737-D82E-4753-9970-1E92DD73E667}.Debug|Any CPU.Build.0 = Debug|Any CPU
		{4D583737-D82E-4753-9970-1E92DD73E667}.Release|Any CPU.ActiveCfg = Release|Any CPU
		{4D583737-D82E-4753-9970-1E92DD73E667}.Release|Any CPU.Build.0 = Release|Any CPU
	EndGlobalSection
	GlobalSection(SolutionProperties) = preSolution
		HideSolutionNode = FALSE
	EndGlobalSection
	GlobalSection(ExtensibilityGlobals) = postSolution
		SolutionGuid = {5CED5324-340E-4A40-ACAE-02929B84F87C}
	EndGlobalSection
EndGlobal
